# This file is generated by running "yarn install" inside your project.
# Manual changes might be lost - proceed with caution!

__metadata:
  version: 8
  cacheKey: 10c0

"@esbuild/aix-ppc64@npm:0.19.11":
  version: 0.19.11
  resolution: "@esbuild/aix-ppc64@npm:0.19.11"
  conditions: os=aix & cpu=ppc64
  languageName: node
  linkType: hard

"@esbuild/android-arm64@npm:0.19.11":
  version: 0.19.11
  resolution: "@esbuild/android-arm64@npm:0.19.11"
  conditions: os=android & cpu=arm64
  languageName: node
  linkType: hard

"@esbuild/android-arm@npm:0.19.11":
  version: 0.19.11
  resolution: "@esbuild/android-arm@npm:0.19.11"
  conditions: os=android & cpu=arm
  languageName: node
  linkType: hard

"@esbuild/android-x64@npm:0.19.11":
  version: 0.19.11
  resolution: "@esbuild/android-x64@npm:0.19.11"
  conditions: os=android & cpu=x64
  languageName: node
  linkType: hard

"@esbuild/darwin-arm64@npm:0.19.11":
  version: 0.19.11
  resolution: "@esbuild/darwin-arm64@npm:0.19.11"
  conditions: os=darwin & cpu=arm64
  languageName: node
  linkType: hard

"@esbuild/darwin-x64@npm:0.19.11":
  version: 0.19.11
  resolution: "@esbuild/darwin-x64@npm:0.19.11"
  conditions: os=darwin & cpu=x64
  languageName: node
  linkType: hard

"@esbuild/freebsd-arm64@npm:0.19.11":
  version: 0.19.11
  resolution: "@esbuild/freebsd-arm64@npm:0.19.11"
  conditions: os=freebsd & cpu=arm64
  languageName: node
  linkType: hard

"@esbuild/freebsd-x64@npm:0.19.11":
  version: 0.19.11
  resolution: "@esbuild/freebsd-x64@npm:0.19.11"
  conditions: os=freebsd & cpu=x64
  languageName: node
  linkType: hard

"@esbuild/linux-arm64@npm:0.19.11":
  version: 0.19.11
  resolution: "@esbuild/linux-arm64@npm:0.19.11"
  conditions: os=linux & cpu=arm64
  languageName: node
  linkType: hard

"@esbuild/linux-arm@npm:0.19.11":
  version: 0.19.11
  resolution: "@esbuild/linux-arm@npm:0.19.11"
  conditions: os=linux & cpu=arm
  languageName: node
  linkType: hard

"@esbuild/linux-ia32@npm:0.19.11":
  version: 0.19.11
  resolution: "@esbuild/linux-ia32@npm:0.19.11"
  conditions: os=linux & cpu=ia32
  languageName: node
  linkType: hard

"@esbuild/linux-loong64@npm:0.19.11":
  version: 0.19.11
  resolution: "@esbuild/linux-loong64@npm:0.19.11"
  conditions: os=linux & cpu=loong64
  languageName: node
  linkType: hard

"@esbuild/linux-mips64el@npm:0.19.11":
  version: 0.19.11
  resolution: "@esbuild/linux-mips64el@npm:0.19.11"
  conditions: os=linux & cpu=mips64el
  languageName: node
  linkType: hard

"@esbuild/linux-ppc64@npm:0.19.11":
  version: 0.19.11
  resolution: "@esbuild/linux-ppc64@npm:0.19.11"
  conditions: os=linux & cpu=ppc64
  languageName: node
  linkType: hard

"@esbuild/linux-riscv64@npm:0.19.11":
  version: 0.19.11
  resolution: "@esbuild/linux-riscv64@npm:0.19.11"
  conditions: os=linux & cpu=riscv64
  languageName: node
  linkType: hard

"@esbuild/linux-s390x@npm:0.19.11":
  version: 0.19.11
  resolution: "@esbuild/linux-s390x@npm:0.19.11"
  conditions: os=linux & cpu=s390x
  languageName: node
  linkType: hard

"@esbuild/linux-x64@npm:0.19.11":
  version: 0.19.11
  resolution: "@esbuild/linux-x64@npm:0.19.11"
  conditions: os=linux & cpu=x64
  languageName: node
  linkType: hard

"@esbuild/netbsd-x64@npm:0.19.11":
  version: 0.19.11
  resolution: "@esbuild/netbsd-x64@npm:0.19.11"
  conditions: os=netbsd & cpu=x64
  languageName: node
  linkType: hard

"@esbuild/openbsd-x64@npm:0.19.11":
  version: 0.19.11
  resolution: "@esbuild/openbsd-x64@npm:0.19.11"
  conditions: os=openbsd & cpu=x64
  languageName: node
  linkType: hard

"@esbuild/sunos-x64@npm:0.19.11":
  version: 0.19.11
  resolution: "@esbuild/sunos-x64@npm:0.19.11"
  conditions: os=sunos & cpu=x64
  languageName: node
  linkType: hard

"@esbuild/win32-arm64@npm:0.19.11":
  version: 0.19.11
  resolution: "@esbuild/win32-arm64@npm:0.19.11"
  conditions: os=win32 & cpu=arm64
  languageName: node
  linkType: hard

"@esbuild/win32-ia32@npm:0.19.11":
  version: 0.19.11
  resolution: "@esbuild/win32-ia32@npm:0.19.11"
  conditions: os=win32 & cpu=ia32
  languageName: node
  linkType: hard

"@esbuild/win32-x64@npm:0.19.11":
  version: 0.19.11
  resolution: "@esbuild/win32-x64@npm:0.19.11"
  conditions: os=win32 & cpu=x64
  languageName: node
  linkType: hard

"conway@workspace:.":
  version: 0.0.0-use.local
  resolution: "conway@workspace:."
  dependencies:
    esbuild: "npm:^0.19.11"
    prettier: "npm:^3.1.1"
    typescript: "npm:^5.3.3"
  languageName: unknown
  linkType: soft

"esbuild@npm:^0.19.11":
  version: 0.19.11
  resolution: "esbuild@npm:0.19.11"
  dependencies:
    "@esbuild/aix-ppc64": "npm:0.19.11"
    "@esbuild/android-arm": "npm:0.19.11"
    "@esbuild/android-arm64": "npm:0.19.11"
    "@esbuild/android-x64": "npm:0.19.11"
    "@esbuild/darwin-arm64": "npm:0.19.11"
    "@esbuild/darwin-x64": "npm:0.19.11"
    "@esbuild/freebsd-arm64": "npm:0.19.11"
    "@esbuild/freebsd-x64": "npm:0.19.11"
    "@esbuild/linux-arm": "npm:0.19.11"
    "@esbuild/linux-arm64": "npm:0.19.11"
    "@esbuild/linux-ia32": "npm:0.19.11"
    "@esbuild/linux-loong64": "npm:0.19.11"
    "@esbuild/linux-mips64el": "npm:0.19.11"
    "@esbuild/linux-ppc64": "npm:0.19.11"
    "@esbuild/linux-riscv64": "npm:0.19.11"
    "@esbuild/linux-s390x": "npm:0.19.11"
    "@esbuild/linux-x64": "npm:0.19.11"
    "@esbuild/netbsd-x64": "npm:0.19.11"
    "@esbuild/openbsd-x64": "npm:0.19.11"
    "@esbuild/sunos-x64": "npm:0.19.11"
    "@esbuild/win32-arm64": "npm:0.19.11"
    "@esbuild/win32-ia32": "npm:0.19.11"
    "@esbuild/win32-x64": "npm:0.19.11"
  dependenciesMeta:
    "@esbuild/aix-ppc64":
      optional: true
    "@esbuild/android-arm":
      optional: true
    "@esbuild/android-arm64":
      optional: true
    "@esbuild/android-x64":
      optional: true
    "@esbuild/darwin-arm64":
      optional: true
    "@esbuild/darwin-x64":
      optional: true
    "@esbuild/freebsd-arm64":
      optional: true
    "@esbuild/freebsd-x64":
      optional: true
    "@esbuild/linux-arm":
      optional: true
    "@esbuild/linux-arm64":
      optional: true
    "@esbuild/linux-ia32":
      optional: true
    "@esbuild/linux-loong64":
      optional: true
    "@esbuild/linux-mips64el":
      optional: true
    "@esbuild/linux-ppc64":
      optional: true
    "@esbuild/linux-riscv64":
      optional: true
    "@esbuild/linux-s390x":
      optional: true
    "@esbuild/linux-x64":
      optional: true
    "@esbuild/netbsd-x64":
      optional: true
    "@esbuild/openbsd-x64":
      optional: true
    "@esbuild/sunos-x64":
      optional: true
    "@esbuild/win32-arm64":
      optional: true
    "@esbuild/win32-ia32":
      optional: true
    "@esbuild/win32-x64":
      optional: true
  bin:
    esbuild: bin/esbuild
  checksum: 0fd913124089e26d30ec30f73b94d4ef9607935251df3253f869106980a5d4c78aa517738c8746abe6e933262e91a77d31427ce468ed8fc7fe498a20f7f92fbc
  languageName: node
  linkType: hard

"prettier@npm:^3.1.1":
  version: 3.1.1
  resolution: "prettier@npm:3.1.1"
  bin:
    prettier: bin/prettier.cjs
  checksum: facc944ba20e194ff4db765e830ffbcb642803381f0d2033ed397e79904fa4ccc877dc25ad68f42d36985c01d051c990ca1b905fb83d2d7d65fe69e4386fa1a3
  languageName: node
  linkType: hard

"typescript@npm:^5.3.3":
  version: 5.3.3
  resolution: "typescript@npm:5.3.3"
  bin:
    tsc: bin/tsc
    tsserver: bin/tsserver
  checksum: e33cef99d82573624fc0f854a2980322714986bc35b9cb4d1ce736ed182aeab78e2cb32b385efa493b2a976ef52c53e20d6c6918312353a91850e2b76f1ea44f
  languageName: node
  linkType: hard

"typescript@patch:typescript@npm%3A^5.3.3#optional!builtin<compat/typescript>":
  version: 5.3.3
  resolution: "typescript@patch:typescript@npm%3A5.3.3#optional!builtin<compat/typescript>::version=5.3.3&hash=e012d7"
  bin:
    tsc: bin/tsc
    tsserver: bin/tsserver
  checksum: 1d0a5f4ce496c42caa9a30e659c467c5686eae15d54b027ee7866744952547f1be1262f2d40de911618c242b510029d51d43ff605dba8fb740ec85ca2d3f9500
  languageName: node
  linkType: hard
